
Microsoft Visual Studio Solution File, Format Version 12.00
# Visual Studio Version 17
VisualStudioVersion = 17.5.002.0
MinimumVisualStudioVersion = 10.0.40219.1
Project("{9A19103F-16F7-4668-BE54-9A1E7A4F7556}") = "Class", "Class.csproj", "{EAE3ECD8-E3F5-45FE-B9B2-D4A06B94C20F}"
EndProject
Global
	GlobalSection(SolutionConfigurationPlatforms) = preSolution
		Debug|Any CPU = Debug|Any CPU
		Release|Any CPU = Release|Any CPU
	EndGlobalSection
	GlobalSection(ProjectConfigurationPlatforms) = postSolution
		{EAE3ECD8-E3F5-45FE-B9B2-D4A06B94C20F}.Debug|Any CPU.ActiveCfg = Debug|Any CPU
		{EAE3ECD8-E3F5-45FE-B9B2-D4A06B94C20F}.Debug|Any CPU.Build.0 = Debug|Any CPU
		{EAE3ECD8-E3F5-45FE-B9B2-D4A06B94C20F}.Release|Any CPU.ActiveCfg = Release|Any CPU
		{EAE3ECD8-E3F5-45FE-B9B2-D4A06B94C20F}.Release|Any CPU.Build.0 = Release|Any CPU
	EndGlobalSection
	GlobalSection(SolutionProperties) = preSolution
		HideSolutionNode = FALSE
	EndGlobalSection
	GlobalSection(ExtensibilityGlobals) = postSolution
		SolutionGuid = {822768FE-01CF-4F4B-A26C-999E249BD07B}
	EndGlobalSection
EndGlobal
